
Microsoft Visual Studio Solution File, Format Version 12.00
# Visual Studio Version 16
VisualStudioVersion = 16.0.33130.400
MinimumVisualStudioVersion = 10.0.40219.1
Project("{FAE04EC0-301F-11D3-BF4B-00C04F79EFBC}") = "MSTestOverview", "MSTestOverview\MSTestOverview.csproj", "{1FBE5830-A44A-4283-ADCE-25496CBFC403}"
EndProject
Global
	GlobalSection(SolutionConfigurationPlatforms) = preSolution
		Debug|Any CPU = Debug|Any CPU
		Release|Any CPU = Release|Any CPU
	EndGlobalSection
	GlobalSection(ProjectConfigurationPlatforms) = postSolution
		{1FBE5830-A44A-4283-ADCE-25496CBFC403}.Debug|Any CPU.ActiveCfg = Debug|Any CPU
		{1FBE5830-A44A-4283-ADCE-25496CBFC403}.Debug|Any CPU.Build.0 = Debug|Any CPU
		{1FBE5830-A44A-4283-ADCE-25496CBFC403}.Release|Any CPU.ActiveCfg = Release|Any CPU
		{1FBE5830-A44A-4283-ADCE-25496CBFC403}.Release|Any CPU.Build.0 = Release|Any CPU
	EndGlobalSection
	GlobalSection(SolutionProperties) = preSolution
		HideSolutionNode = FALSE
	EndGlobalSection
	GlobalSection(ExtensibilityGlobals) = postSolution
		SolutionGuid = {D2BD16FF-4266-4538-9043-17E89FEB7571}
	EndGlobalSection
EndGlobal
